
Microsoft Visual Studio Solution File, Format Version 12.00
# Visual Studio Version 17
VisualStudioVersion = 17.6.33829.357
MinimumVisualStudioVersion = 10.0.40219.1
Project("{FAE04EC0-301F-11D3-BF4B-00C04F79EFBC}") = "ProductSearch", "ProductSearch\ProductSearch.csproj", "{61E05ECB-FAFE-4D95-A8C3-57724E856D5E}"
EndProject
Global
	GlobalSection(SolutionConfigurationPlatforms) = preSolution
		Debug|Any CPU = Debug|Any CPU
		Release|Any CPU = Release|Any CPU
	EndGlobalSection
	GlobalSection(ProjectConfigurationPlatforms) = postSolution
		{61E05ECB-FAFE-4D95-A8C3-57724E856D5E}.Debug|Any CPU.ActiveCfg = Debug|Any CPU
		{61E05ECB-FAFE-4D95-A8C3-57724E856D5E}.Debug|Any CPU.Build.0 = Debug|Any CPU
		{61E05ECB-FAFE-4D95-A8C3-57724E856D5E}.Release|Any CPU.ActiveCfg = Release|Any CPU
		{61E05ECB-FAFE-4D95-A8C3-57724E856D5E}.Release|Any CPU.Build.0 = Release|Any CPU
	EndGlobalSection
	GlobalSection(SolutionProperties) = preSolution
		HideSolutionNode = FALSE
	EndGlobalSection
	GlobalSection(ExtensibilityGlobals) = postSolution
		SolutionGuid = {8D581117-581D-4995-93C7-BA4A8BC96700}
	EndGlobalSection
EndGlobal
